// !$*UTF8*$!
{
	archiveVersion = 1;
	classes = {
	};
	objectVersion = 46;
	objects = {

/* Begin PBXBuildFile section */
		032552E21A1EC32A00DA107C /* MXGoogleAnalytics.m in Sources */ = {isa = PBXBuildFile; fileRef = 032552E11A1EC32A00DA107C /* MXGoogleAnalytics.m */; };
		0332D85D1A18494B00BC48A3 /* CPPCepDetailsHeader.xib in Resources */ = {isa = PBXBuildFile; fileRef = 0332D85C1A18494B00BC48A3 /* CPPCepDetailsHeader.xib */; };
		0332D85F1A184C1900BC48A3 /* MapKit.framework in Frameworks */ = {isa = PBXBuildFile; fileRef = 0332D85E1A184C1800BC48A3 /* MapKit.framework */; };
		038042751A19519C005535DC /* CoreLocation.framework in Frameworks */ = {isa = PBXBuildFile; fileRef = 038042741A19519C005535DC /* CoreLocation.framework */; };
		03A699001A1A1DCD00AC70B0 /* CPPNavigationViewController.swift in Sources */ = {isa = PBXBuildFile; fileRef = 03A698FF1A1A1DCD00AC70B0 /* CPPNavigationViewController.swift */; };
		03B3C54D1A1673E4001006B6 /* AppDelegate.swift in Sources */ = {isa = PBXBuildFile; fileRef = 03B3C54C1A1673E4001006B6 /* AppDelegate.swift */; };
		03B3C5541A1673E5001006B6 /* Main.storyboard in Resources */ = {isa = PBXBuildFile; fileRef = 03B3C5521A1673E5001006B6 /* Main.storyboard */; };
		03B3C5561A1673E5001006B6 /* Images.xcassets in Resources */ = {isa = PBXBuildFile; fileRef = 03B3C5551A1673E5001006B6 /* Images.xcassets */; };
		03B3C5591A1673E5001006B6 /* LaunchScreen.xib in Resources */ = {isa = PBXBuildFile; fileRef = 03B3C5571A1673E5001006B6 /* LaunchScreen.xib */; };
		03B3C5651A1673E5001006B6 /* CeppTests.swift in Sources */ = {isa = PBXBuildFile; fileRef = 03B3C5641A1673E5001006B6 /* CeppTests.swift */; };
		03B3C56F1A16861A001006B6 /* CPPSearchCepViewController.swift in Sources */ = {isa = PBXBuildFile; fileRef = 03B3C56E1A16861A001006B6 /* CPPSearchCepViewController.swift */; };
		03B3C5721A16A3A0001006B6 /* CPPCepAPIManager.swift in Sources */ = {isa = PBXBuildFile; fileRef = 03B3C5711A16A3A0001006B6 /* CPPCepAPIManager.swift */; };
		03B3C5761A16A673001006B6 /* Podfile in Resources */ = {isa = PBXBuildFile; fileRef = 03B3C5751A16A673001006B6 /* Podfile */; };
		03B3C57A1A16B1A7001006B6 /* CPPAddress.swift in Sources */ = {isa = PBXBuildFile; fileRef = 03B3C5791A16B1A7001006B6 /* CPPAddress.swift */; };
		03B3C57E1A180F6F001006B6 /* CPPCepDetailsTableViewController.swift in Sources */ = {isa = PBXBuildFile; fileRef = 03B3C57D1A180F6F001006B6 /* CPPCepDetailsTableViewController.swift */; };
		03ED3BBB1A4681E400CFDB3C /* CPPCepDetailsTableViewCell.swift in Sources */ = {isa = PBXBuildFile; fileRef = 03ED3BBA1A4681E400CFDB3C /* CPPCepDetailsTableViewCell.swift */; };
		03ED3BBE1A4682C100CFDB3C /* CPPiPadCepDetailsHeader.xib in Resources */ = {isa = PBXBuildFile; fileRef = 03ED3BBC1A4682C100CFDB3C /* CPPiPadCepDetailsHeader.xib */; };
		481BED1F6C87802C6F95A030 /* libPods.a in Frameworks */ = {isa = PBXBuildFile; fileRef = F651B421768CEC843A10C468 /* libPods.a */; };
/* End PBXBuildFile section */

/* Begin PBXContainerItemProxy section */
		03B3C55F1A1673E5001006B6 /* PBXContainerItemProxy */ = {
			isa = PBXContainerItemProxy;
			containerPortal = 03B3C53F1A1673E4001006B6 /* Project object */;
			proxyType = 1;
			remoteGlobalIDString = 03B3C5461A1673E4001006B6;
			remoteInfo = Cepp;
		};
/* End PBXContainerItemProxy section */

/* Begin PBXFileReference section */
		032552E01A1EC32A00DA107C /* MXGoogleAnalytics.h */ = {isa = PBXFileReference; fileEncoding = 4; lastKnownFileType = sourcecode.c.h; name = MXGoogleAnalytics.h; path = Model/MXGoogleAnalytics.h; sourceTree = "<group>"; };
		032552E11A1EC32A00DA107C /* MXGoogleAnalytics.m */ = {isa = PBXFileReference; fileEncoding = 4; lastKnownFileType = sourcecode.c.objc; name = MXGoogleAnalytics.m; path = Model/MXGoogleAnalytics.m; sourceTree = "<group>"; };
		0332D85C1A18494B00BC48A3 /* CPPCepDetailsHeader.xib */ = {isa = PBXFileReference; fileEncoding = 4; lastKnownFileType = file.xib; path = CPPCepDetailsHeader.xib; sourceTree = "<group>"; };
		0332D85E1A184C1800BC48A3 /* MapKit.framework */ = {isa = PBXFileReference; lastKnownFileType = wrapper.framework; name = MapKit.framework; path = System/Library/Frameworks/MapKit.framework; sourceTree = SDKROOT; };
		038042741A19519C005535DC /* CoreLocation.framework */ = {isa = PBXFileReference; lastKnownFileType = wrapper.framework; name = CoreLocation.framework; path = System/Library/Frameworks/CoreLocation.framework; sourceTree = SDKROOT; };
		03A698FF1A1A1DCD00AC70B0 /* CPPNavigationViewController.swift */ = {isa = PBXFileReference; fileEncoding = 4; lastKnownFileType = sourcecode.swift; name = CPPNavigationViewController.swift; path = Controller/CPPNavigationViewController.swift; sourceTree = "<group>"; };
		03B3C5471A1673E4001006B6 /* Cepp.app */ = {isa = PBXFileReference; explicitFileType = wrapper.application; includeInIndex = 0; path = Cepp.app; sourceTree = BUILT_PRODUCTS_DIR; };
		03B3C54B1A1673E4001006B6 /* Info.plist */ = {isa = PBXFileReference; lastKnownFileType = text.plist.xml; path = Info.plist; sourceTree = "<group>"; };
		03B3C54C1A1673E4001006B6 /* AppDelegate.swift */ = {isa = PBXFileReference; lastKnownFileType = sourcecode.swift; path = AppDelegate.swift; sourceTree = "<group>"; };
		03B3C5531A1673E5001006B6 /* Base */ = {isa = PBXFileReference; lastKnownFileType = file.storyboard; name = Base; path = Base.lproj/Main.storyboard; sourceTree = "<group>"; };
		03B3C5551A1673E5001006B6 /* Images.xcassets */ = {isa = PBXFileReference; lastKnownFileType = folder.assetcatalog; path = Images.xcassets; sourceTree = "<group>"; };
		03B3C5581A1673E5001006B6 /* Base */ = {isa = PBXFileReference; lastKnownFileType = file.xib; name = Base; path = Base.lproj/LaunchScreen.xib; sourceTree = "<group>"; };
		03B3C55E1A1673E5001006B6 /* CeppTests.xctest */ = {isa = PBXFileReference; explicitFileType = wrapper.cfbundle; includeInIndex = 0; path = CeppTests.xctest; sourceTree = BUILT_PRODUCTS_DIR; };
		03B3C5631A1673E5001006B6 /* Info.plist */ = {isa = PBXFileReference; lastKnownFileType = text.plist.xml; path = Info.plist; sourceTree = "<group>"; };
		03B3C5641A1673E5001006B6 /* CeppTests.swift */ = {isa = PBXFileReference; lastKnownFileType = sourcecode.swift; path = CeppTests.swift; sourceTree = "<group>"; };
		03B3C56E1A16861A001006B6 /* CPPSearchCepViewController.swift */ = {isa = PBXFileReference; fileEncoding = 4; lastKnownFileType = sourcecode.swift; name = CPPSearchCepViewController.swift; path = Controller/CPPSearchCepViewController.swift; sourceTree = "<group>"; };
		03B3C5711A16A3A0001006B6 /* CPPCepAPIManager.swift */ = {isa = PBXFileReference; fileEncoding = 4; lastKnownFileType = sourcecode.swift; name = CPPCepAPIManager.swift; path = Model/CPPCepAPIManager.swift; sourceTree = "<group>"; };
		03B3C5751A16A673001006B6 /* Podfile */ = {isa = PBXFileReference; fileEncoding = 4; lastKnownFileType = text; name = Podfile; path = ../Podfile; sourceTree = "<group>"; xcLanguageSpecificationIdentifier = xcode.lang.ruby; };
		03B3C5771A16A71C001006B6 /* CPPObjCBridging.h */ = {isa = PBXFileReference; lastKnownFileType = sourcecode.c.h; path = CPPObjCBridging.h; sourceTree = "<group>"; };
		03B3C5791A16B1A7001006B6 /* CPPAddress.swift */ = {isa = PBXFileReference; fileEncoding = 4; lastKnownFileType = sourcecode.swift; name = CPPAddress.swift; path = Model/CPPAddress.swift; sourceTree = "<group>"; };
		03B3C57D1A180F6F001006B6 /* CPPCepDetailsTableViewController.swift */ = {isa = PBXFileReference; fileEncoding = 4; lastKnownFileType = sourcecode.swift; name = CPPCepDetailsTableViewController.swift; path = Controller/CPPCepDetailsTableViewController.swift; sourceTree = "<group>"; };
		03ED3BBA1A4681E400CFDB3C /* CPPCepDetailsTableViewCell.swift */ = {isa = PBXFileReference; fileEncoding = 4; lastKnownFileType = sourcecode.swift; name = CPPCepDetailsTableViewCell.swift; path = View/CPPCepDetailsTableViewCell.swift; sourceTree = "<group>"; };
		03ED3BBD1A4682C100CFDB3C /* Base */ = {isa = PBXFileReference; lastKnownFileType = file.xib; name = Base; path = Base.lproj/CPPiPadCepDetailsHeader.xib; sourceTree = "<group>"; };
		148B8C53EB8E3DAC56259E0E /* Pods.release.xcconfig */ = {isa = PBXFileReference; includeInIndex = 1; lastKnownFileType = text.xcconfig; name = Pods.release.xcconfig; path = "Pods/Target Support Files/Pods/Pods.release.xcconfig"; sourceTree = "<group>"; };
		75B4889AEA40EE815F261B53 /* Pods.debug.xcconfig */ = {isa = PBXFileReference; includeInIndex = 1; lastKnownFileType = text.xcconfig; name = Pods.debug.xcconfig; path = "Pods/Target Support Files/Pods/Pods.debug.xcconfig"; sourceTree = "<group>"; };
		F651B421768CEC843A10C468 /* libPods.a */ = {isa = PBXFileReference; explicitFileType = archive.ar; includeInIndex = 0; path = libPods.a; sourceTree = BUILT_PRODUCTS_DIR; };
/* End PBXFileReference section */

/* Begin PBXFrameworksBuildPhase section */
		03B3C5441A1673E4001006B6 /* Frameworks */ = {
			isa = PBXFrameworksBuildPhase;
			buildActionMask = 2147483647;
			files = (
				038042751A19519C005535DC /* CoreLocation.framework in Frameworks */,
				0332D85F1A184C1900BC48A3 /* MapKit.framework in Frameworks */,
				481BED1F6C87802C6F95A030 /* libPods.a in Frameworks */,
			);
			runOnlyForDeploymentPostprocessing = 0;
		};
		03B3C55B1A1673E5001006B6 /* Frameworks */ = {
			isa = PBXFrameworksBuildPhase;
			buildActionMask = 2147483647;
			files = (
			);
			runOnlyForDeploymentPostprocessing = 0;
		};
/* End PBXFrameworksBuildPhase section */

/* Begin PBXGroup section */
		032552DF1A1EC2E900DA107C /* Google Analytics */ = {
			isa = PBXGroup;
			children = (
				032552E01A1EC32A00DA107C /* MXGoogleAnalytics.h */,
				032552E11A1EC32A00DA107C /* MXGoogleAnalytics.m */,
			);
			name = "Google Analytics";
			sourceTree = "<group>";
		};
		03B3C53E1A1673E4001006B6 = {
			isa = PBXGroup;
			children = (
				03B3C5491A1673E4001006B6 /* Cepp */,
				03B3C5611A1673E5001006B6 /* CeppTests */,
				03B3C5481A1673E4001006B6 /* Products */,
				A01FBA1BA044B556C160E51F /* Pods */,
				A10B4F2660311E8F59B7085E /* Frameworks */,
			);
			sourceTree = "<group>";
		};
		03B3C5481A1673E4001006B6 /* Products */ = {
			isa = PBXGroup;
			children = (
				03B3C5471A1673E4001006B6 /* Cepp.app */,
				03B3C55E1A1673E5001006B6 /* CeppTests.xctest */,
			);
			name = Products;
			sourceTree = "<group>";
		};
		03B3C5491A1673E4001006B6 /* Cepp */ = {
			isa = PBXGroup;
			children = (
				03B3C5731A16A3A5001006B6 /* Model */,
				03B3C57C1A180935001006B6 /* View */,
				03B3C5701A168620001006B6 /* Controller */,
				03B3C54C1A1673E4001006B6 /* AppDelegate.swift */,
				03B3C5551A1673E5001006B6 /* Images.xcassets */,
				03B3C54A1A1673E4001006B6 /* Supporting Files */,
			);
			path = Cepp;
			sourceTree = "<group>";
		};
		03B3C54A1A1673E4001006B6 /* Supporting Files */ = {
			isa = PBXGroup;
			children = (
				03B3C5751A16A673001006B6 /* Podfile */,
				03B3C54B1A1673E4001006B6 /* Info.plist */,
				03B3C5771A16A71C001006B6 /* CPPObjCBridging.h */,
			);
			name = "Supporting Files";
			sourceTree = "<group>";
		};
		03B3C5611A1673E5001006B6 /* CeppTests */ = {
			isa = PBXGroup;
			children = (
				03B3C5641A1673E5001006B6 /* CeppTests.swift */,
				03B3C5621A1673E5001006B6 /* Supporting Files */,
			);
			path = CeppTests;
			sourceTree = "<group>";
		};
		03B3C5621A1673E5001006B6 /* Supporting Files */ = {
			isa = PBXGroup;
			children = (
				03B3C5631A1673E5001006B6 /* Info.plist */,
			);
			name = "Supporting Files";
			sourceTree = "<group>";
		};
		03B3C5701A168620001006B6 /* Controller */ = {
			isa = PBXGroup;
			children = (
				03B3C56E1A16861A001006B6 /* CPPSearchCepViewController.swift */,
				03B3C57D1A180F6F001006B6 /* CPPCepDetailsTableViewController.swift */,
				03A698FF1A1A1DCD00AC70B0 /* CPPNavigationViewController.swift */,
			);
			name = Controller;
			sourceTree = "<group>";
		};
		03B3C5731A16A3A5001006B6 /* Model */ = {
			isa = PBXGroup;
			children = (
				032552DF1A1EC2E900DA107C /* Google Analytics */,
				03B3C5741A16A3AB001006B6 /* Manager */,
				03B3C57B1A16B1AF001006B6 /* DTO */,
			);
			name = Model;
			sourceTree = "<group>";
		};
		03B3C5741A16A3AB001006B6 /* Manager */ = {
			isa = PBXGroup;
			children = (
				03B3C5711A16A3A0001006B6 /* CPPCepAPIManager.swift */,
			);
			name = Manager;
			sourceTree = "<group>";
		};
		03B3C57B1A16B1AF001006B6 /* DTO */ = {
			isa = PBXGroup;
			children = (
				03B3C5791A16B1A7001006B6 /* CPPAddress.swift */,
			);
			name = DTO;
			sourceTree = "<group>";
		};
		03B3C57C1A180935001006B6 /* View */ = {
			isa = PBXGroup;
			children = (
				03ED3BB91A4681B800CFDB3C /* Custom Class */,
				03B3C5571A1673E5001006B6 /* LaunchScreen.xib */,
				03B3C5521A1673E5001006B6 /* Main.storyboard */,
				0332D85C1A18494B00BC48A3 /* CPPCepDetailsHeader.xib */,
				03ED3BBC1A4682C100CFDB3C /* CPPiPadCepDetailsHeader.xib */,
			);
			name = View;
			sourceTree = "<group>";
		};
		03ED3BB91A4681B800CFDB3C /* Custom Class */ = {
			isa = PBXGroup;
			children = (
				03ED3BBA1A4681E400CFDB3C /* CPPCepDetailsTableViewCell.swift */,
			);
			name = "Custom Class";
			sourceTree = "<group>";
		};
		A01FBA1BA044B556C160E51F /* Pods */ = {
			isa = PBXGroup;
			children = (
				75B4889AEA40EE815F261B53 /* Pods.debug.xcconfig */,
				148B8C53EB8E3DAC56259E0E /* Pods.release.xcconfig */,
			);
			name = Pods;
			sourceTree = "<group>";
		};
		A10B4F2660311E8F59B7085E /* Frameworks */ = {
			isa = PBXGroup;
			children = (
				038042741A19519C005535DC /* CoreLocation.framework */,
				0332D85E1A184C1800BC48A3 /* MapKit.framework */,
				F651B421768CEC843A10C468 /* libPods.a */,
			);
			name = Frameworks;
			sourceTree = "<group>";
		};
/* End PBXGroup section */

/* Begin PBXNativeTarget section */
		03B3C5461A1673E4001006B6 /* Cepp */ = {
			isa = PBXNativeTarget;
			buildConfigurationList = 03B3C5681A1673E5001006B6 /* Build configuration list for PBXNativeTarget "Cepp" */;
			buildPhases = (
				95F43A748F84B75F6F2ED133 /* Check Pods Manifest.lock */,
				03B3C5431A1673E4001006B6 /* Sources */,
				03B3C5441A1673E4001006B6 /* Frameworks */,
				03B3C5451A1673E4001006B6 /* Resources */,
				7796839E8FDB8FB711CBFBE8 /* Copy Pods Resources */,
			);
			buildRules = (
			);
			dependencies = (
			);
			name = Cepp;
			productName = Cepp;
			productReference = 03B3C5471A1673E4001006B6 /* Cepp.app */;
			productType = "com.apple.product-type.application";
		};
		03B3C55D1A1673E5001006B6 /* CeppTests */ = {
			isa = PBXNativeTarget;
			buildConfigurationList = 03B3C56B1A1673E5001006B6 /* Build configuration list for PBXNativeTarget "CeppTests" */;
			buildPhases = (
				03B3C55A1A1673E5001006B6 /* Sources */,
				03B3C55B1A1673E5001006B6 /* Frameworks */,
				03B3C55C1A1673E5001006B6 /* Resources */,
			);
			buildRules = (
			);
			dependencies = (
				03B3C5601A1673E5001006B6 /* PBXTargetDependency */,
			);
			name = CeppTests;
			productName = CeppTests;
			productReference = 03B3C55E1A1673E5001006B6 /* CeppTests.xctest */;
			productType = "com.apple.product-type.bundle.unit-test";
		};
/* End PBXNativeTarget section */

/* Begin PBXProject section */
		03B3C53F1A1673E4001006B6 /* Project object */ = {
			isa = PBXProject;
			attributes = {
				CLASSPREFIX = CPP;
				LastUpgradeCheck = 0610;
				ORGANIZATIONNAME = "Filipe Alvarenga";
				TargetAttributes = {
					03B3C5461A1673E4001006B6 = {
						CreatedOnToolsVersion = 6.1;
					};
					03B3C55D1A1673E5001006B6 = {
						CreatedOnToolsVersion = 6.1;
						TestTargetID = 03B3C5461A1673E4001006B6;
					};
				};
			};
			buildConfigurationList = 03B3C5421A1673E4001006B6 /* Build configuration list for PBXProject "Cepp" */;
			compatibilityVersion = "Xcode 3.2";
			developmentRegion = English;
			hasScannedForEncodings = 0;
			knownRegions = (
				en,
				Base,
			);
			mainGroup = 03B3C53E1A1673E4001006B6;
			productRefGroup = 03B3C5481A1673E4001006B6 /* Products */;
			projectDirPath = "";
			projectRoot = "";
			targets = (
				03B3C5461A1673E4001006B6 /* Cepp */,
				03B3C55D1A1673E5001006B6 /* CeppTests */,
			);
		};
/* End PBXProject section */

/* Begin PBXResourcesBuildPhase section */
		03B3C5451A1673E4001006B6 /* Resources */ = {
			isa = PBXResourcesBuildPhase;
			buildActionMask = 2147483647;
			files = (
				0332D85D1A18494B00BC48A3 /* CPPCepDetailsHeader.xib in Resources */,
				03B3C5541A1673E5001006B6 /* Main.storyboard in Resources */,
				03ED3BBE1A4682C100CFDB3C /* CPPiPadCepDetailsHeader.xib in Resources */,
				03B3C5591A1673E5001006B6 /* LaunchScreen.xib in Resources */,
				03B3C5761A16A673001006B6 /* Podfile in Resources */,
				03B3C5561A1673E5001006B6 /* Images.xcassets in Resources */,
			);
			runOnlyForDeploymentPostprocessing = 0;
		};
		03B3C55C1A1673E5001006B6 /* Resources */ = {
			isa = PBXResourcesBuildPhase;
			buildActionMask = 2147483647;
			files = (
			);
			runOnlyForDeploymentPostprocessing = 0;
		};
/* End PBXResourcesBuildPhase section */

/* Begin PBXShellScriptBuildPhase section */
		7796839E8FDB8FB711CBFBE8 /* Copy Pods Resources */ = {
			isa = PBXShellScriptBuildPhase;
			buildActionMask = 2147483647;
			files = (
			);
			inputPaths = (
			);
			name = "Copy Pods Resources";
			outputPaths = (
			);
			runOnlyForDeploymentPostprocessing = 0;
			shellPath = /bin/sh;
			shellScript = "\"${SRCROOT}/Pods/Target Support Files/Pods/Pods-resources.sh\"\n";
			showEnvVarsInLog = 0;
		};
		95F43A748F84B75F6F2ED133 /* Check Pods Manifest.lock */ = {
			isa = PBXShellScriptBuildPhase;
			buildActionMask = 2147483647;
			files = (
			);
			inputPaths = (
			);
			name = "Check Pods Manifest.lock";
			outputPaths = (
			);
			runOnlyForDeploymentPostprocessing = 0;
			shellPath = /bin/sh;
			shellScript = "diff \"${PODS_ROOT}/../Podfile.lock\" \"${PODS_ROOT}/Manifest.lock\" > /dev/null\nif [[ $? != 0 ]] ; then\n    cat << EOM\nerror: The sandbox is not in sync with the Podfile.lock. Run 'pod install' or update your CocoaPods installation.\nEOM\n    exit 1\nfi\n";
			showEnvVarsInLog = 0;
		};
/* End PBXShellScriptBuildPhase section */

/* Begin PBXSourcesBuildPhase section */
		03B3C5431A1673E4001006B6 /* Sources */ = {
			isa = PBXSourcesBuildPhase;
			buildActionMask = 2147483647;
			files = (
				032552E21A1EC32A00DA107C /* MXGoogleAnalytics.m in Sources */,
				03B3C56F1A16861A001006B6 /* CPPSearchCepViewController.swift in Sources */,
				03B3C54D1A1673E4001006B6 /* AppDelegate.swift in Sources */,
				03B3C57A1A16B1A7001006B6 /* CPPAddress.swift in Sources */,
				03B3C57E1A180F6F001006B6 /* CPPCepDetailsTableViewController.swift in Sources */,
				03A699001A1A1DCD00AC70B0 /* CPPNavigationViewController.swift in Sources */,
				03ED3BBB1A4681E400CFDB3C /* CPPCepDetailsTableViewCell.swift in Sources */,
				03B3C5721A16A3A0001006B6 /* CPPCepAPIManager.swift in Sources */,
			);
			runOnlyForDeploymentPostprocessing = 0;
		};
		03B3C55A1A1673E5001006B6 /* Sources */ = {
			isa = PBXSourcesBuildPhase;
			buildActionMask = 2147483647;
			files = (
				03B3C5651A1673E5001006B6 /* CeppTests.swift in Sources */,
			);
			runOnlyForDeploymentPostprocessing = 0;
		};
/* End PBXSourcesBuildPhase section */

/* Begin PBXTargetDependency section */
		03B3C5601A1673E5001006B6 /* PBXTargetDependency */ = {
			isa = PBXTargetDependency;
			target = 03B3C5461A1673E4001006B6 /* Cepp */;
			targetProxy = 03B3C55F1A1673E5001006B6 /* PBXContainerItemProxy */;
		};
/* End PBXTargetDependency section */

/* Begin PBXVariantGroup section */
		03B3C5521A1673E5001006B6 /* Main.storyboard */ = {
			isa = PBXVariantGroup;
			children = (
				03B3C5531A1673E5001006B6 /* Base */,
			);
			name = Main.storyboard;
			sourceTree = "<group>";
		};
		03B3C5571A1673E5001006B6 /* LaunchScreen.xib */ = {
			isa = PBXVariantGroup;
			children = (
				03B3C5581A1673E5001006B6 /* Base */,
			);
			name = LaunchScreen.xib;
			sourceTree = "<group>";
		};
		03ED3BBC1A4682C100CFDB3C /* CPPiPadCepDetailsHeader.xib */ = {
			isa = PBXVariantGroup;
			children = (
				03ED3BBD1A4682C100CFDB3C /* Base */,
			);
			name = CPPiPadCepDetailsHeader.xib;
			sourceTree = "<group>";
		};
/* End PBXVariantGroup section */

/* Begin XCBuildConfiguration section */
		03B3C5661A1673E5001006B6 /* Debug */ = {
			isa = XCBuildConfiguration;
			buildSettings = {
				ALWAYS_SEARCH_USER_PATHS = NO;
				CLANG_CXX_LANGUAGE_STANDARD = "gnu++0x";
				CLANG_CXX_LIBRARY = "libc++";
				CLANG_ENABLE_MODULES = YES;
				CLANG_ENABLE_OBJC_ARC = YES;
				CLANG_WARN_BOOL_CONVERSION = YES;
				CLANG_WARN_CONSTANT_CONVERSION = YES;
				CLANG_WARN_DIRECT_OBJC_ISA_USAGE = YES_ERROR;
				CLANG_WARN_EMPTY_BODY = YES;
				CLANG_WARN_ENUM_CONVERSION = YES;
				CLANG_WARN_INT_CONVERSION = YES;
				CLANG_WARN_OBJC_ROOT_CLASS = YES_ERROR;
				CLANG_WARN_UNREACHABLE_CODE = YES;
				CLANG_WARN__DUPLICATE_METHOD_MATCH = YES;
				"CODE_SIGN_IDENTITY[sdk=iphoneos*]" = "iPhone Developer";
				COPY_PHASE_STRIP = NO;
				ENABLE_STRICT_OBJC_MSGSEND = YES;
				GCC_C_LANGUAGE_STANDARD = gnu99;
				GCC_DYNAMIC_NO_PIC = NO;
				GCC_OPTIMIZATION_LEVEL = 0;
				GCC_PREPROCESSOR_DEFINITIONS = (
					"DEBUG=1",
					"$(inherited)",
				);
				GCC_SYMBOLS_PRIVATE_EXTERN = NO;
				GCC_WARN_64_TO_32_BIT_CONVERSION = YES;
				GCC_WARN_ABOUT_RETURN_TYPE = YES_ERROR;
				GCC_WARN_UNDECLARED_SELECTOR = YES;
				GCC_WARN_UNINITIALIZED_AUTOS = YES_AGGRESSIVE;
				GCC_WARN_UNUSED_FUNCTION = YES;
				GCC_WARN_UNUSED_VARIABLE = YES;
				IPHONEOS_DEPLOYMENT_TARGET = 8.1;
				MTL_ENABLE_DEBUG_INFO = YES;
				ONLY_ACTIVE_ARCH = YES;
				SDKROOT = iphoneos;
				SWIFT_OPTIMIZATION_LEVEL = "-Onone";
			};
			name = Debug;
		};
		03B3C5671A1673E5001006B6 /* Release */ = {
			isa = XCBuildConfiguration;
			buildSettings = {
				ALWAYS_SEARCH_USER_PATHS = NO;
				CLANG_CXX_LANGUAGE_STANDARD = "gnu++0x";
				CLANG_CXX_LIBRARY = "libc++";
				CLANG_ENABLE_MODULES = YES;
				CLANG_ENABLE_OBJC_ARC = YES;
				CLANG_WARN_BOOL_CONVERSION = YES;
				CLANG_WARN_CONSTANT_CONVERSION = YES;
				CLANG_WARN_DIRECT_OBJC_ISA_USAGE = YES_ERROR;
				CLANG_WARN_EMPTY_BODY = YES;
				CLANG_WARN_ENUM_CONVERSION = YES;
				CLANG_WARN_INT_CONVERSION = YES;
				CLANG_WARN_OBJC_ROOT_CLASS = YES_ERROR;
				CLANG_WARN_UNREACHABLE_CODE = YES;
				CLANG_WARN__DUPLICATE_METHOD_MATCH = YES;
				"CODE_SIGN_IDENTITY[sdk=iphoneos*]" = "iPhone Developer";
				COPY_PHASE_STRIP = YES;
				ENABLE_NS_ASSERTIONS = NO;
				ENABLE_STRICT_OBJC_MSGSEND = YES;
				GCC_C_LANGUAGE_STANDARD = gnu99;
				GCC_WARN_64_TO_32_BIT_CONVERSION = YES;
				GCC_WARN_ABOUT_RETURN_TYPE = YES_ERROR;
				GCC_WARN_UNDECLARED_SELECTOR = YES;
				GCC_WARN_UNINITIALIZED_AUTOS = YES_AGGRESSIVE;
				GCC_WARN_UNUSED_FUNCTION = YES;
				GCC_WARN_UNUSED_VARIABLE = YES;
				IPHONEOS_DEPLOYMENT_TARGET = 8.1;
				MTL_ENABLE_DEBUG_INFO = NO;
				SDKROOT = iphoneos;
				VALIDATE_PRODUCT = YES;
			};
			name = Release;
		};
		03B3C5691A1673E5001006B6 /* Debug */ = {
			isa = XCBuildConfiguration;
			baseConfigurationReference = 75B4889AEA40EE815F261B53 /* Pods.debug.xcconfig */;
			buildSettings = {
				ASSETCATALOG_COMPILER_APPICON_NAME = AppIcon;
				ASSETCATALOG_COMPILER_LAUNCHIMAGE_NAME = LaunchImage;
				INFOPLIST_FILE = Cepp/Info.plist;
				IPHONEOS_DEPLOYMENT_TARGET = 7.0;
				LD_RUNPATH_SEARCH_PATHS = "$(inherited) @executable_path/Frameworks";
				PRODUCT_NAME = "$(TARGET_NAME)";
				SWIFT_OBJC_BRIDGING_HEADER = Cepp/CPPObjCBridging.h;
				TARGETED_DEVICE_FAMILY = "1,2";
			};
			name = Debug;
		};
		03B3C56A1A1673E5001006B6 /* Release */ = {
			isa = XCBuildConfiguration;
			baseConfigurationReference = 148B8C53EB8E3DAC56259E0E /* Pods.release.xcconfig */;
			buildSettings = {
				ASSETCATALOG_COMPILER_APPICON_NAME = AppIcon;
				ASSETCATALOG_COMPILER_LAUNCHIMAGE_NAME = LaunchImage;
				INFOPLIST_FILE = Cepp/Info.plist;
				IPHONEOS_DEPLOYMENT_TARGET = 7.0;
				LD_RUNPATH_SEARCH_PATHS = "$(inherited) @executable_path/Frameworks";
				PRODUCT_NAME = "$(TARGET_NAME)";
				SWIFT_OBJC_BRIDGING_HEADER = Cepp/CPPObjCBridging.h;
				TARGETED_DEVICE_FAMILY = "1,2";
			};
			name = Release;
		};
		03B3C56C1A1673E5001006B6 /* Debug */ = {
			isa = XCBuildConfiguration;
			buildSettings = {
				BUNDLE_LOADER = "$(TEST_HOST)";
				FRAMEWORK_SEARCH_PATHS = (
					"$(SDKROOT)/Developer/Library/Frameworks",
					"$(inherited)",
				);
				GCC_PREPROCESSOR_DEFINITIONS = (
					"DEBUG=1",
					"$(inherited)",
				);
				INFOPLIST_FILE = CeppTests/Info.plist;
				LD_RUNPATH_SEARCH_PATHS = "$(inherited) @executable_path/Frameworks @loader_path/Frameworks";
				PRODUCT_NAME = "$(TARGET_NAME)";
				TEST_HOST = "$(BUILT_PRODUCTS_DIR)/Cepp.app/Cepp";
			};
			name = Debug;
		};
		03B3C56D1A1673E5001006B6 /* Release */ = {
			isa = XCBuildConfiguration;
			buildSettings = {
				BUNDLE_LOADER = "$(TEST_HOST)";
				FRAMEWORK_SEARCH_PATHS = (
					"$(SDKROOT)/Developer/Library/Frameworks",
					"$(inherited)",
				);
				INFOPLIST_FILE = CeppTests/Info.plist;
				LD_RUNPATH_SEARCH_PATHS = "$(inherited) @executable_path/Frameworks @loader_path/Frameworks";
				PRODUCT_NAME = "$(TARGET_NAME)";
				TEST_HOST = "$(BUILT_PRODUCTS_DIR)/Cepp.app/Cepp";
			};
			name = Release;
		};
/* End XCBuildConfiguration section */

/* Begin XCConfigurationList section */
		03B3C5421A1673E4001006B6 /* Build configuration list for PBXProject "Cepp" */ = {
			isa = XCConfigurationList;
			buildConfigurations = (
				03B3C5661A1673E5001006B6 /* Debug */,
				03B3C5671A1673E5001006B6 /* Release */,
			);
			defaultConfigurationIsVisible = 0;
			defaultConfigurationName = Release;
		};
		03B3C5681A1673E5001006B6 /* Build configuration list for PBXNativeTarget "Cepp" */ = {
			isa = XCConfigurationList;
			buildConfigurations = (
				03B3C5691A1673E5001006B6 /* Debug */,
				03B3C56A1A1673E5001006B6 /* Release */,
			);
			defaultConfigurationIsVisible = 0;
			defaultConfigurationName = Release;
		};
		03B3C56B1A1673E5001006B6 /* Build configuration list for PBXNativeTarget "CeppTests" */ = {
			isa = XCConfigurationList;
			buildConfigurations = (
				03B3C56C1A1673E5001006B6 /* Debug */,
				03B3C56D1A1673E5001006B6 /* Release */,
			);
			defaultConfigurationIsVisible = 0;
			defaultConfigurationName = Release;
		};
/* End XCConfigurationList section */
	};
	rootObject = 03B3C53F1A1673E4001006B6 /* Project object */;
}
